
Microsoft Visual Studio Solution File, Format Version 12.00
# Visual Studio 14
VisualStudioVersion = 14.0.24720.0
MinimumVisualStudioVersion = 10.0.40219.1
Project("{FAE04EC0-301F-11D3-BF4B-00C04F79EFBC}") = "BinaryGap", "BinaryGap\BinaryGap\BinaryGap.csproj", "{EB20856E-09DD-4F3D-9FCC-7C4E345E1DA5}"
EndProject
Project("{FAE04EC0-301F-11D3-BF4B-00C04F79EFBC}") = "Equi", "Equi\Equi\Equi.csproj", "{763ABE02-FC88-4BBD-8D20-F89253A310B2}"
EndProject
Project("{FAE04EC0-301F-11D3-BF4B-00C04F79EFBC}") = "MaxProfit", "MaxProfit\MaxProfit\MaxProfit.csproj", "{8891DF4D-FACE-49BB-BACF-0F4DA0700E63}"
EndProject
Project("{FAE04EC0-301F-11D3-BF4B-00C04F79EFBC}") = "Peaks", "Peaks\Peaks\Peaks.csproj", "{EE76C734-9E73-49ED-A8A5-40CEAC0498BC}"
EndProject
Project("{FAE04EC0-301F-11D3-BF4B-00C04F79EFBC}") = "Flags", "Flags\Flags\Flags.csproj", "{BAD63C47-FB60-4208-A539-8A6339D3C8EA}"
EndProject
Project("{FAE04EC0-301F-11D3-BF4B-00C04F79EFBC}") = "Demo", "Demo\Demo.csproj", "{62A635CA-850A-43EB-BCF5-77E67DDC7F81}"
EndProject
Project("{FAE04EC0-301F-11D3-BF4B-00C04F79EFBC}") = "Toptal1", "Toptal1\Toptal1.csproj", "{AB702BDA-6F9C-40F5-9360-7165016624C2}"
EndProject
Project("{FAE04EC0-301F-11D3-BF4B-00C04F79EFBC}") = "Toptal2", "Toptal2\Toptal2.csproj", "{BEDD186B-D118-4161-B979-7DFE69049514}"
EndProject
Global
	GlobalSection(SolutionConfigurationPlatforms) = preSolution
		Debug|Any CPU = Debug|Any CPU
		Release|Any CPU = Release|Any CPU
	EndGlobalSection
	GlobalSection(ProjectConfigurationPlatforms) = postSolution
		{EB20856E-09DD-4F3D-9FCC-7C4E345E1DA5}.Debug|Any CPU.ActiveCfg = Debug|Any CPU
		{EB20856E-09DD-4F3D-9FCC-7C4E345E1DA5}.Debug|Any CPU.Build.0 = Debug|Any CPU
		{EB20856E-09DD-4F3D-9FCC-7C4E345E1DA5}.Release|Any CPU.ActiveCfg = Release|Any CPU
		{EB20856E-09DD-4F3D-9FCC-7C4E345E1DA5}.Release|Any CPU.Build.0 = Release|Any CPU
		{763ABE02-FC88-4BBD-8D20-F89253A310B2}.Debug|Any CPU.ActiveCfg = Debug|Any CPU
		{763ABE02-FC88-4BBD-8D20-F89253A310B2}.Debug|Any CPU.Build.0 = Debug|Any CPU
		{763ABE02-FC88-4BBD-8D20-F89253A310B2}.Release|Any CPU.ActiveCfg = Release|Any CPU
		{763ABE02-FC88-4BBD-8D20-F89253A310B2}.Release|Any CPU.Build.0 = Release|Any CPU
		{8891DF4D-FACE-49BB-BACF-0F4DA0700E63}.Debug|Any CPU.ActiveCfg = Debug|Any CPU
		{8891DF4D-FACE-49BB-BACF-0F4DA0700E63}.Debug|Any CPU.Build.0 = Debug|Any CPU
		{8891DF4D-FACE-49BB-BACF-0F4DA0700E63}.Release|Any CPU.ActiveCfg = Release|Any CPU
		{8891DF4D-FACE-49BB-BACF-0F4DA0700E63}.Release|Any CPU.Build.0 = Release|Any CPU
		{EE76C734-9E73-49ED-A8A5-40CEAC0498BC}.Debug|Any CPU.ActiveCfg = Debug|Any CPU
		{EE76C734-9E73-49ED-A8A5-40CEAC0498BC}.Debug|Any CPU.Build.0 = Debug|Any CPU
		{EE76C734-9E73-49ED-A8A5-40CEAC0498BC}.Release|Any CPU.ActiveCfg = Release|Any CPU
		{EE76C734-9E73-49ED-A8A5-40CEAC0498BC}.Release|Any CPU.Build.0 = Release|Any CPU
		{BAD63C47-FB60-4208-A539-8A6339D3C8EA}.Debug|Any CPU.ActiveCfg = Debug|Any CPU
		{BAD63C47-FB60-4208-A539-8A6339D3C8EA}.Debug|Any CPU.Build.0 = Debug|Any CPU
		{BAD63C47-FB60-4208-A539-8A6339D3C8EA}.Release|Any CPU.ActiveCfg = Release|Any CPU
		{BAD63C47-FB60-4208-A539-8A6339D3C8EA}.Release|Any CPU.Build.0 = Release|Any CPU
		{62A635CA-850A-43EB-BCF5-77E67DDC7F81}.Debug|Any CPU.ActiveCfg = Debug|Any CPU
		{62A635CA-850A-43EB-BCF5-77E67DDC7F81}.Debug|Any CPU.Build.0 = Debug|Any CPU
		{62A635CA-850A-43EB-BCF5-77E67DDC7F81}.Release|Any CPU.ActiveCfg = Release|Any CPU
		{62A635CA-850A-43EB-BCF5-77E67DDC7F81}.Release|Any CPU.Build.0 = Release|Any CPU
		{AB702BDA-6F9C-40F5-9360-7165016624C2}.Debug|Any CPU.ActiveCfg = Debug|Any CPU
		{AB702BDA-6F9C-40F5-9360-7165016624C2}.Debug|Any CPU.Build.0 = Debug|Any CPU
		{AB702BDA-6F9C-40F5-9360-7165016624C2}.Release|Any CPU.ActiveCfg = Release|Any CPU
		{AB702BDA-6F9C-40F5-9360-7165016624C2}.Release|Any CPU.Build.0 = Release|Any CPU
		{BEDD186B-D118-4161-B979-7DFE69049514}.Debug|Any CPU.ActiveCfg = Debug|Any CPU
		{BEDD186B-D118-4161-B979-7DFE69049514}.Debug|Any CPU.Build.0 = Debug|Any CPU
		{BEDD186B-D118-4161-B979-7DFE69049514}.Release|Any CPU.ActiveCfg = Release|Any CPU
		{BEDD186B-D118-4161-B979-7DFE69049514}.Release|Any CPU.Build.0 = Release|Any CPU
	EndGlobalSection
	GlobalSection(SolutionProperties) = preSolution
		HideSolutionNode = FALSE
	EndGlobalSection
EndGlobal
